// !$*UTF8*$!
{
	archiveVersion = 1;
	classes = {
	};
	objectVersion = 46;
	objects = {

/* Begin PBXBuildFile section */
		536BC1661C9A40040057F4DC /* AppDelegate.swift in Sources */ = {isa = PBXBuildFile; fileRef = 536BC1651C9A40040057F4DC /* AppDelegate.swift */; };
		536BC1681C9A40040057F4DC /* HomeViewController.swift in Sources */ = {isa = PBXBuildFile; fileRef = 536BC1671C9A40040057F4DC /* HomeViewController.swift */; };
		536BC16B1C9A40040057F4DC /* Main.storyboard in Resources */ = {isa = PBXBuildFile; fileRef = 536BC1691C9A40040057F4DC /* Main.storyboard */; };
		536BC16D1C9A40040057F4DC /* Assets.xcassets in Resources */ = {isa = PBXBuildFile; fileRef = 536BC16C1C9A40040057F4DC /* Assets.xcassets */; };
		536BC1701C9A40040057F4DC /* LaunchScreen.storyboard in Resources */ = {isa = PBXBuildFile; fileRef = 536BC16E1C9A40040057F4DC /* LaunchScreen.storyboard */; };
		536BC17B1C9A40040057F4DC /* FacebookGraphTests.swift in Sources */ = {isa = PBXBuildFile; fileRef = 536BC17A1C9A40040057F4DC /* FacebookGraphTests.swift */; };
		536BC1861C9A40040057F4DC /* FacebookGraphUITests.swift in Sources */ = {isa = PBXBuildFile; fileRef = 536BC1851C9A40040057F4DC /* FacebookGraphUITests.swift */; };
		536BC1951C9A472E0057F4DC /* User.swift in Sources */ = {isa = PBXBuildFile; fileRef = 536BC1941C9A472E0057F4DC /* User.swift */; };
		536BC1971C9A484A0057F4DC /* Person.swift in Sources */ = {isa = PBXBuildFile; fileRef = 536BC1961C9A484A0057F4DC /* Person.swift */; };
		53EBC2DE1C9A4A62002CF231 /* FacebookDao.swift in Sources */ = {isa = PBXBuildFile; fileRef = 53EBC2DD1C9A4A62002CF231 /* FacebookDao.swift */; };
		53EBC2E11C9A4AC0002CF231 /* FacebookApi.swift in Sources */ = {isa = PBXBuildFile; fileRef = 53EBC2E01C9A4AC0002CF231 /* FacebookApi.swift */; };
		53EBC2E31C9A4D96002CF231 /* FacebookEndPoint.swift in Sources */ = {isa = PBXBuildFile; fileRef = 53EBC2E21C9A4D96002CF231 /* FacebookEndPoint.swift */; };
		53EBC2E51C9A562B002CF231 /* SearchResponse.swift in Sources */ = {isa = PBXBuildFile; fileRef = 53EBC2E41C9A562B002CF231 /* SearchResponse.swift */; };
		53EBC2E71C9A6355002CF231 /* ImageAutoDownloadable.swift in Sources */ = {isa = PBXBuildFile; fileRef = 53EBC2E61C9A6355002CF231 /* ImageAutoDownloadable.swift */; };
		53EBC2ED1C9A6931002CF231 /* UserTableViewCell.swift in Sources */ = {isa = PBXBuildFile; fileRef = 53EBC2EC1C9A6931002CF231 /* UserTableViewCell.swift */; };
		53EBC2F01C9AEB1D002CF231 /* FileService.swift in Sources */ = {isa = PBXBuildFile; fileRef = 53EBC2EF1C9AEB1D002CF231 /* FileService.swift */; };
		A400D3C0BB5C9B36BCC24C7B /* Pods_FacebookGraph.framework in Frameworks */ = {isa = PBXBuildFile; fileRef = 4E649E4E9300717BF5693102 /* Pods_FacebookGraph.framework */; };
/* End PBXBuildFile section */

/* Begin PBXContainerItemProxy section */
		536BC1771C9A40040057F4DC /* PBXContainerItemProxy */ = {
			isa = PBXContainerItemProxy;
			containerPortal = 536BC15A1C9A40040057F4DC /* Project object */;
			proxyType = 1;
			remoteGlobalIDString = 536BC1611C9A40040057F4DC;
			remoteInfo = FacebookGraph;
		};
		536BC1821C9A40040057F4DC /* PBXContainerItemProxy */ = {
			isa = PBXContainerItemProxy;
			containerPortal = 536BC15A1C9A40040057F4DC /* Project object */;
			proxyType = 1;
			remoteGlobalIDString = 536BC1611C9A40040057F4DC;
			remoteInfo = FacebookGraph;
		};
/* End PBXContainerItemProxy section */

/* Begin PBXFileReference section */
		4E649E4E9300717BF5693102 /* Pods_FacebookGraph.framework */ = {isa = PBXFileReference; explicitFileType = wrapper.framework; includeInIndex = 0; path = Pods_FacebookGraph.framework; sourceTree = BUILT_PRODUCTS_DIR; };
		536BC1621C9A40040057F4DC /* FacebookGraph.app */ = {isa = PBXFileReference; explicitFileType = wrapper.application; includeInIndex = 0; path = FacebookGraph.app; sourceTree = BUILT_PRODUCTS_DIR; };
		536BC1651C9A40040057F4DC /* AppDelegate.swift */ = {isa = PBXFileReference; lastKnownFileType = sourcecode.swift; path = AppDelegate.swift; sourceTree = "<group>"; };
		536BC1671C9A40040057F4DC /* HomeViewController.swift */ = {isa = PBXFileReference; lastKnownFileType = sourcecode.swift; path = HomeViewController.swift; sourceTree = "<group>"; };
		536BC16A1C9A40040057F4DC /* Base */ = {isa = PBXFileReference; lastKnownFileType = file.storyboard; name = Base; path = Base.lproj/Main.storyboard; sourceTree = "<group>"; };
		536BC16C1C9A40040057F4DC /* Assets.xcassets */ = {isa = PBXFileReference; lastKnownFileType = folder.assetcatalog; path = Assets.xcassets; sourceTree = "<group>"; };
		536BC16F1C9A40040057F4DC /* Base */ = {isa = PBXFileReference; lastKnownFileType = file.storyboard; name = Base; path = Base.lproj/LaunchScreen.storyboard; sourceTree = "<group>"; };
		536BC1711C9A40040057F4DC /* Info.plist */ = {isa = PBXFileReference; lastKnownFileType = text.plist.xml; path = Info.plist; sourceTree = "<group>"; };
		536BC1761C9A40040057F4DC /* FacebookGraphTests.xctest */ = {isa = PBXFileReference; explicitFileType = wrapper.cfbundle; includeInIndex = 0; path = FacebookGraphTests.xctest; sourceTree = BUILT_PRODUCTS_DIR; };
		536BC17A1C9A40040057F4DC /* FacebookGraphTests.swift */ = {isa = PBXFileReference; lastKnownFileType = sourcecode.swift; path = FacebookGraphTests.swift; sourceTree = "<group>"; };
		536BC17C1C9A40040057F4DC /* Info.plist */ = {isa = PBXFileReference; lastKnownFileType = text.plist.xml; path = Info.plist; sourceTree = "<group>"; };
		536BC1811C9A40040057F4DC /* FacebookGraphUITests.xctest */ = {isa = PBXFileReference; explicitFileType = wrapper.cfbundle; includeInIndex = 0; path = FacebookGraphUITests.xctest; sourceTree = BUILT_PRODUCTS_DIR; };
		536BC1851C9A40040057F4DC /* FacebookGraphUITests.swift */ = {isa = PBXFileReference; lastKnownFileType = sourcecode.swift; path = FacebookGraphUITests.swift; sourceTree = "<group>"; };
		536BC1871C9A40040057F4DC /* Info.plist */ = {isa = PBXFileReference; lastKnownFileType = text.plist.xml; path = Info.plist; sourceTree = "<group>"; };
		536BC1941C9A472E0057F4DC /* User.swift */ = {isa = PBXFileReference; fileEncoding = 4; lastKnownFileType = sourcecode.swift; path = User.swift; sourceTree = "<group>"; };
		536BC1961C9A484A0057F4DC /* Person.swift */ = {isa = PBXFileReference; fileEncoding = 4; lastKnownFileType = sourcecode.swift; path = Person.swift; sourceTree = "<group>"; };
		53EBC2DD1C9A4A62002CF231 /* FacebookDao.swift */ = {isa = PBXFileReference; fileEncoding = 4; lastKnownFileType = sourcecode.swift; path = FacebookDao.swift; sourceTree = "<group>"; };
		53EBC2E01C9A4AC0002CF231 /* FacebookApi.swift */ = {isa = PBXFileReference; fileEncoding = 4; lastKnownFileType = sourcecode.swift; path = FacebookApi.swift; sourceTree = "<group>"; };
		53EBC2E21C9A4D96002CF231 /* FacebookEndPoint.swift */ = {isa = PBXFileReference; fileEncoding = 4; lastKnownFileType = sourcecode.swift; path = FacebookEndPoint.swift; sourceTree = "<group>"; };
		53EBC2E41C9A562B002CF231 /* SearchResponse.swift */ = {isa = PBXFileReference; fileEncoding = 4; lastKnownFileType = sourcecode.swift; path = SearchResponse.swift; sourceTree = "<group>"; };
		53EBC2E61C9A6355002CF231 /* ImageAutoDownloadable.swift */ = {isa = PBXFileReference; fileEncoding = 4; lastKnownFileType = sourcecode.swift; path = ImageAutoDownloadable.swift; sourceTree = "<group>"; };
		53EBC2EC1C9A6931002CF231 /* UserTableViewCell.swift */ = {isa = PBXFileReference; fileEncoding = 4; lastKnownFileType = sourcecode.swift; path = UserTableViewCell.swift; sourceTree = "<group>"; };
		53EBC2EF1C9AEB1D002CF231 /* FileService.swift */ = {isa = PBXFileReference; fileEncoding = 4; lastKnownFileType = sourcecode.swift; path = FileService.swift; sourceTree = "<group>"; };
		6DE666D5530CB0D7AE017399 /* Pods-FacebookGraph.release.xcconfig */ = {isa = PBXFileReference; includeInIndex = 1; lastKnownFileType = text.xcconfig; name = "Pods-FacebookGraph.release.xcconfig"; path = "Pods/Target Support Files/Pods-FacebookGraph/Pods-FacebookGraph.release.xcconfig"; sourceTree = "<group>"; };
		E20AC4287B26ACB9C24F4D5F /* Pods-FacebookGraph.debug.xcconfig */ = {isa = PBXFileReference; includeInIndex = 1; lastKnownFileType = text.xcconfig; name = "Pods-FacebookGraph.debug.xcconfig"; path = "Pods/Target Support Files/Pods-FacebookGraph/Pods-FacebookGraph.debug.xcconfig"; sourceTree = "<group>"; };
/* End PBXFileReference section */

/* Begin PBXFrameworksBuildPhase section */
		536BC15F1C9A40040057F4DC /* Frameworks */ = {
			isa = PBXFrameworksBuildPhase;
			buildActionMask = 2147483647;
			files = (
				A400D3C0BB5C9B36BCC24C7B /* Pods_FacebookGraph.framework in Frameworks */,
			);
			runOnlyForDeploymentPostprocessing = 0;
		};
		536BC1731C9A40040057F4DC /* Frameworks */ = {
			isa = PBXFrameworksBuildPhase;
			buildActionMask = 2147483647;
			files = (
			);
			runOnlyForDeploymentPostprocessing = 0;
		};
		536BC17E1C9A40040057F4DC /* Frameworks */ = {
			isa = PBXFrameworksBuildPhase;
			buildActionMask = 2147483647;
			files = (
			);
			runOnlyForDeploymentPostprocessing = 0;
		};
/* End PBXFrameworksBuildPhase section */

/* Begin PBXGroup section */
		436FC7DC46FB7DCDE6894057 /* Frameworks */ = {
			isa = PBXGroup;
			children = (
				4E649E4E9300717BF5693102 /* Pods_FacebookGraph.framework */,
			);
			name = Frameworks;
			sourceTree = "<group>";
		};
		536BC1591C9A40040057F4DC = {
			isa = PBXGroup;
			children = (
				536BC1641C9A40040057F4DC /* FacebookGraph */,
				536BC1791C9A40040057F4DC /* FacebookGraphTests */,
				536BC1841C9A40040057F4DC /* FacebookGraphUITests */,
				536BC1631C9A40040057F4DC /* Products */,
				656E885D3D4F1AB000C35838 /* Pods */,
				436FC7DC46FB7DCDE6894057 /* Frameworks */,
			);
			sourceTree = "<group>";
		};
		536BC1631C9A40040057F4DC /* Products */ = {
			isa = PBXGroup;
			children = (
				536BC1621C9A40040057F4DC /* FacebookGraph.app */,
				536BC1761C9A40040057F4DC /* FacebookGraphTests.xctest */,
				536BC1811C9A40040057F4DC /* FacebookGraphUITests.xctest */,
			);
			name = Products;
			sourceTree = "<group>";
		};
		536BC1641C9A40040057F4DC /* FacebookGraph */ = {
			isa = PBXGroup;
			children = (
				536BC16C1C9A40040057F4DC /* Assets.xcassets */,
				53EBC2EB1C9A6904002CF231 /* Common */,
				53EBC2DC1C9A4A50002CF231 /* DAOs */,
				536BC1711C9A40040057F4DC /* Info.plist */,
				536BC1931C9A47060057F4DC /* Models */,
				53EBC2DF1C9A4AAC002CF231 /* Network */,
				53EBC2EE1C9AEB0B002CF231 /* Services */,
				53EBC2EA1C9A68FD002CF231 /* Storyboards */,
				53EBC2E81C9A662B002CF231 /* ViewControllers */,
				53EBC2E91C9A68F0002CF231 /* Views */,
			);
			path = FacebookGraph;
			sourceTree = "<group>";
		};
		536BC1791C9A40040057F4DC /* FacebookGraphTests */ = {
			isa = PBXGroup;
			children = (
				536BC17A1C9A40040057F4DC /* FacebookGraphTests.swift */,
				536BC17C1C9A40040057F4DC /* Info.plist */,
			);
			path = FacebookGraphTests;
			sourceTree = "<group>";
		};
		536BC1841C9A40040057F4DC /* FacebookGraphUITests */ = {
			isa = PBXGroup;
			children = (
				536BC1851C9A40040057F4DC /* FacebookGraphUITests.swift */,
				536BC1871C9A40040057F4DC /* Info.plist */,
			);
			path = FacebookGraphUITests;
			sourceTree = "<group>";
		};
		536BC1931C9A47060057F4DC /* Models */ = {
			isa = PBXGroup;
			children = (
				536BC1941C9A472E0057F4DC /* User.swift */,
				536BC1961C9A484A0057F4DC /* Person.swift */,
				53EBC2E41C9A562B002CF231 /* SearchResponse.swift */,
				53EBC2E61C9A6355002CF231 /* ImageAutoDownloadable.swift */,
			);
			name = Models;
			sourceTree = "<group>";
		};
		53EBC2DC1C9A4A50002CF231 /* DAOs */ = {
			isa = PBXGroup;
			children = (
				53EBC2DD1C9A4A62002CF231 /* FacebookDao.swift */,
			);
			name = DAOs;
			sourceTree = "<group>";
		};
		53EBC2DF1C9A4AAC002CF231 /* Network */ = {
			isa = PBXGroup;
			children = (
				53EBC2E01C9A4AC0002CF231 /* FacebookApi.swift */,
				53EBC2E21C9A4D96002CF231 /* FacebookEndPoint.swift */,
			);
			name = Network;
			sourceTree = "<group>";
		};
		53EBC2E81C9A662B002CF231 /* ViewControllers */ = {
			isa = PBXGroup;
			children = (
				536BC1671C9A40040057F4DC /* HomeViewController.swift */,
			);
			name = ViewControllers;
			sourceTree = "<group>";
		};
		53EBC2E91C9A68F0002CF231 /* Views */ = {
			isa = PBXGroup;
			children = (
				53EBC2EC1C9A6931002CF231 /* UserTableViewCell.swift */,
			);
			name = Views;
			sourceTree = "<group>";
		};
		53EBC2EA1C9A68FD002CF231 /* Storyboards */ = {
			isa = PBXGroup;
			children = (
				536BC16E1C9A40040057F4DC /* LaunchScreen.storyboard */,
				536BC1691C9A40040057F4DC /* Main.storyboard */,
			);
			name = Storyboards;
			sourceTree = "<group>";
		};
		53EBC2EB1C9A6904002CF231 /* Common */ = {
			isa = PBXGroup;
			children = (
				536BC1651C9A40040057F4DC /* AppDelegate.swift */,
			);
			name = Common;
			sourceTree = "<group>";
		};
		53EBC2EE1C9AEB0B002CF231 /* Services */ = {
			isa = PBXGroup;
			children = (
				53EBC2EF1C9AEB1D002CF231 /* FileService.swift */,
			);
			name = Services;
			sourceTree = "<group>";
		};
		656E885D3D4F1AB000C35838 /* Pods */ = {
			isa = PBXGroup;
			children = (
				E20AC4287B26ACB9C24F4D5F /* Pods-FacebookGraph.debug.xcconfig */,
				6DE666D5530CB0D7AE017399 /* Pods-FacebookGraph.release.xcconfig */,
			);
			name = Pods;
			sourceTree = "<group>";
		};
/* End PBXGroup section */

/* Begin PBXNativeTarget section */
		536BC1611C9A40040057F4DC /* FacebookGraph */ = {
			isa = PBXNativeTarget;
			buildConfigurationList = 536BC18A1C9A40040057F4DC /* Build configuration list for PBXNativeTarget "FacebookGraph" */;
			buildPhases = (
				E5C49B2C02E06BA58D70E519 /* Check Pods Manifest.lock */,
				536BC15E1C9A40040057F4DC /* Sources */,
				536BC15F1C9A40040057F4DC /* Frameworks */,
				536BC1601C9A40040057F4DC /* Resources */,
				15D39A63A8641CC7B38A6668 /* Embed Pods Frameworks */,
				2BE269171DF75F3CD4D2DB7A /* Copy Pods Resources */,
			);
			buildRules = (
			);
			dependencies = (
			);
			name = FacebookGraph;
			productName = FacebookGraph;
			productReference = 536BC1621C9A40040057F4DC /* FacebookGraph.app */;
			productType = "com.apple.product-type.application";
		};
		536BC1751C9A40040057F4DC /* FacebookGraphTests */ = {
			isa = PBXNativeTarget;
			buildConfigurationList = 536BC18D1C9A40040057F4DC /* Build configuration list for PBXNativeTarget "FacebookGraphTests" */;
			buildPhases = (
				536BC1721C9A40040057F4DC /* Sources */,
				536BC1731C9A40040057F4DC /* Frameworks */,
				536BC1741C9A40040057F4DC /* Resources */,
			);
			buildRules = (
			);
			dependencies = (
				536BC1781C9A40040057F4DC /* PBXTargetDependency */,
			);
			name = FacebookGraphTests;
			productName = FacebookGraphTests;
			productReference = 536BC1761C9A40040057F4DC /* FacebookGraphTests.xctest */;
			productType = "com.apple.product-type.bundle.unit-test";
		};
		536BC1801C9A40040057F4DC /* FacebookGraphUITests */ = {
			isa = PBXNativeTarget;
			buildConfigurationList = 536BC1901C9A40040057F4DC /* Build configuration list for PBXNativeTarget "FacebookGraphUITests" */;
			buildPhases = (
				536BC17D1C9A40040057F4DC /* Sources */,
				536BC17E1C9A40040057F4DC /* Frameworks */,
				536BC17F1C9A40040057F4DC /* Resources */,
			);
			buildRules = (
			);
			dependencies = (
				536BC1831C9A40040057F4DC /* PBXTargetDependency */,
			);
			name = FacebookGraphUITests;
			productName = FacebookGraphUITests;
			productReference = 536BC1811C9A40040057F4DC /* FacebookGraphUITests.xctest */;
			productType = "com.apple.product-type.bundle.ui-testing";
		};
/* End PBXNativeTarget section */

/* Begin PBXProject section */
		536BC15A1C9A40040057F4DC /* Project object */ = {
			isa = PBXProject;
			attributes = {
				LastSwiftUpdateCheck = 0720;
				LastUpgradeCheck = 0720;
				ORGANIZATIONNAME = "Swift Yah";
				TargetAttributes = {
					536BC1611C9A40040057F4DC = {
						CreatedOnToolsVersion = 7.2.1;
					};
					536BC1751C9A40040057F4DC = {
						CreatedOnToolsVersion = 7.2.1;
						TestTargetID = 536BC1611C9A40040057F4DC;
					};
					536BC1801C9A40040057F4DC = {
						CreatedOnToolsVersion = 7.2.1;
						TestTargetID = 536BC1611C9A40040057F4DC;
					};
				};
			};
			buildConfigurationList = 536BC15D1C9A40040057F4DC /* Build configuration list for PBXProject "FacebookGraph" */;
			compatibilityVersion = "Xcode 3.2";
			developmentRegion = English;
			hasScannedForEncodings = 0;
			knownRegions = (
				en,
				Base,
			);
			mainGroup = 536BC1591C9A40040057F4DC;
			productRefGroup = 536BC1631C9A40040057F4DC /* Products */;
			projectDirPath = "";
			projectRoot = "";
			targets = (
				536BC1611C9A40040057F4DC /* FacebookGraph */,
				536BC1751C9A40040057F4DC /* FacebookGraphTests */,
				536BC1801C9A40040057F4DC /* FacebookGraphUITests */,
			);
		};
/* End PBXProject section */

/* Begin PBXResourcesBuildPhase section */
		536BC1601C9A40040057F4DC /* Resources */ = {
			isa = PBXResourcesBuildPhase;
			buildActionMask = 2147483647;
			files = (
				536BC1701C9A40040057F4DC /* LaunchScreen.storyboard in Resources */,
				536BC16D1C9A40040057F4DC /* Assets.xcassets in Resources */,
				536BC16B1C9A40040057F4DC /* Main.storyboard in Resources */,
			);
			runOnlyForDeploymentPostprocessing = 0;
		};
		536BC1741C9A40040057F4DC /* Resources */ = {
			isa = PBXResourcesBuildPhase;
			buildActionMask = 2147483647;
			files = (
			);
			runOnlyForDeploymentPostprocessing = 0;
		};
		536BC17F1C9A40040057F4DC /* Resources */ = {
			isa = PBXResourcesBuildPhase;
			buildActionMask = 2147483647;
			files = (
			);
			runOnlyForDeploymentPostprocessing = 0;
		};
/* End PBXResourcesBuildPhase section */

/* Begin PBXShellScriptBuildPhase section */
		15D39A63A8641CC7B38A6668 /* Embed Pods Frameworks */ = {
			isa = PBXShellScriptBuildPhase;
			buildActionMask = 2147483647;
			files = (
			);
			inputPaths = (
			);
			name = "Embed Pods Frameworks";
			outputPaths = (
			);
			runOnlyForDeploymentPostprocessing = 0;
			shellPath = /bin/sh;
			shellScript = "\"${SRCROOT}/Pods/Target Support Files/Pods-FacebookGraph/Pods-FacebookGraph-frameworks.sh\"\n";
			showEnvVarsInLog = 0;
		};
		2BE269171DF75F3CD4D2DB7A /* Copy Pods Resources */ = {
			isa = PBXShellScriptBuildPhase;
			buildActionMask = 2147483647;
			files = (
			);
			inputPaths = (
			);
			name = "Copy Pods Resources";
			outputPaths = (
			);
			runOnlyForDeploymentPostprocessing = 0;
			shellPath = /bin/sh;
			shellScript = "\"${SRCROOT}/Pods/Target Support Files/Pods-FacebookGraph/Pods-FacebookGraph-resources.sh\"\n";
			showEnvVarsInLog = 0;
		};
		E5C49B2C02E06BA58D70E519 /* Check Pods Manifest.lock */ = {
			isa = PBXShellScriptBuildPhase;
			buildActionMask = 2147483647;
			files = (
			);
			inputPaths = (
			);
			name = "Check Pods Manifest.lock";
			outputPaths = (
			);
			runOnlyForDeploymentPostprocessing = 0;
			shellPath = /bin/sh;
			shellScript = "diff \"${PODS_ROOT}/../Podfile.lock\" \"${PODS_ROOT}/Manifest.lock\" > /dev/null\nif [[ $? != 0 ]] ; then\n    cat << EOM\nerror: The sandbox is not in sync with the Podfile.lock. Run 'pod install' or update your CocoaPods installation.\nEOM\n    exit 1\nfi\n";
			showEnvVarsInLog = 0;
		};
/* End PBXShellScriptBuildPhase section */

/* Begin PBXSourcesBuildPhase section */
		536BC15E1C9A40040057F4DC /* Sources */ = {
			isa = PBXSourcesBuildPhase;
			buildActionMask = 2147483647;
			files = (
				536BC1971C9A484A0057F4DC /* Person.swift in Sources */,
				53EBC2E71C9A6355002CF231 /* ImageAutoDownloadable.swift in Sources */,
				53EBC2DE1C9A4A62002CF231 /* FacebookDao.swift in Sources */,
				536BC1681C9A40040057F4DC /* HomeViewController.swift in Sources */,
				53EBC2F01C9AEB1D002CF231 /* FileService.swift in Sources */,
				53EBC2ED1C9A6931002CF231 /* UserTableViewCell.swift in Sources */,
				53EBC2E31C9A4D96002CF231 /* FacebookEndPoint.swift in Sources */,
				53EBC2E51C9A562B002CF231 /* SearchResponse.swift in Sources */,
				536BC1661C9A40040057F4DC /* AppDelegate.swift in Sources */,
				53EBC2E11C9A4AC0002CF231 /* FacebookApi.swift in Sources */,
				536BC1951C9A472E0057F4DC /* User.swift in Sources */,
			);
			runOnlyForDeploymentPostprocessing = 0;
		};
		536BC1721C9A40040057F4DC /* Sources */ = {
			isa = PBXSourcesBuildPhase;
			buildActionMask = 2147483647;
			files = (
				536BC17B1C9A40040057F4DC /* FacebookGraphTests.swift in Sources */,
			);
			runOnlyForDeploymentPostprocessing = 0;
		};
		536BC17D1C9A40040057F4DC /* Sources */ = {
			isa = PBXSourcesBuildPhase;
			buildActionMask = 2147483647;
			files = (
				536BC1861C9A40040057F4DC /* FacebookGraphUITests.swift in Sources */,
			);
			runOnlyForDeploymentPostprocessing = 0;
		};
/* End PBXSourcesBuildPhase section */

/* Begin PBXTargetDependency section */
		536BC1781C9A40040057F4DC /* PBXTargetDependency */ = {
			isa = PBXTargetDependency;
			target = 536BC1611C9A40040057F4DC /* FacebookGraph */;
			targetProxy = 536BC1771C9A40040057F4DC /* PBXContainerItemProxy */;
		};
		536BC1831C9A40040057F4DC /* PBXTargetDependency */ = {
			isa = PBXTargetDependency;
			target = 536BC1611C9A40040057F4DC /* FacebookGraph */;
			targetProxy = 536BC1821C9A40040057F4DC /* PBXContainerItemProxy */;
		};
/* End PBXTargetDependency section */

/* Begin PBXVariantGroup section */
		536BC1691C9A40040057F4DC /* Main.storyboard */ = {
			isa = PBXVariantGroup;
			children = (
				536BC16A1C9A40040057F4DC /* Base */,
			);
			name = Main.storyboard;
			sourceTree = "<group>";
		};
		536BC16E1C9A40040057F4DC /* LaunchScreen.storyboard */ = {
			isa = PBXVariantGroup;
			children = (
				536BC16F1C9A40040057F4DC /* Base */,
			);
			name = LaunchScreen.storyboard;
			sourceTree = "<group>";
		};
/* End PBXVariantGroup section */

/* Begin XCBuildConfiguration section */
		536BC1881C9A40040057F4DC /* Debug */ = {
			isa = XCBuildConfiguration;
			buildSettings = {
				ALWAYS_SEARCH_USER_PATHS = NO;
				CLANG_CXX_LANGUAGE_STANDARD = "gnu++0x";
				CLANG_CXX_LIBRARY = "libc++";
				CLANG_ENABLE_MODULES = YES;
				CLANG_ENABLE_OBJC_ARC = YES;
				CLANG_WARN_BOOL_CONVERSION = YES;
				CLANG_WARN_CONSTANT_CONVERSION = YES;
				CLANG_WARN_DIRECT_OBJC_ISA_USAGE = YES_ERROR;
				CLANG_WARN_EMPTY_BODY = YES;
				CLANG_WARN_ENUM_CONVERSION = YES;
				CLANG_WARN_INT_CONVERSION = YES;
				CLANG_WARN_OBJC_ROOT_CLASS = YES_ERROR;
				CLANG_WARN_UNREACHABLE_CODE = YES;
				CLANG_WARN__DUPLICATE_METHOD_MATCH = YES;
				"CODE_SIGN_IDENTITY[sdk=iphoneos*]" = "iPhone Developer";
				COPY_PHASE_STRIP = NO;
				DEBUG_INFORMATION_FORMAT = dwarf;
				ENABLE_STRICT_OBJC_MSGSEND = YES;
				ENABLE_TESTABILITY = YES;
				GCC_C_LANGUAGE_STANDARD = gnu99;
				GCC_DYNAMIC_NO_PIC = NO;
				GCC_NO_COMMON_BLOCKS = YES;
				GCC_OPTIMIZATION_LEVEL = 0;
				GCC_PREPROCESSOR_DEFINITIONS = (
					"DEBUG=1",
					"$(inherited)",
				);
				GCC_WARN_64_TO_32_BIT_CONVERSION = YES;
				GCC_WARN_ABOUT_RETURN_TYPE = YES_ERROR;
				GCC_WARN_UNDECLARED_SELECTOR = YES;
				GCC_WARN_UNINITIALIZED_AUTOS = YES_AGGRESSIVE;
				GCC_WARN_UNUSED_FUNCTION = YES;
				GCC_WARN_UNUSED_VARIABLE = YES;
				IPHONEOS_DEPLOYMENT_TARGET = 9.2;
				MTL_ENABLE_DEBUG_INFO = YES;
				ONLY_ACTIVE_ARCH = YES;
				SDKROOT = iphoneos;
				SWIFT_OPTIMIZATION_LEVEL = "-Onone";
				TARGETED_DEVICE_FAMILY = "1,2";
			};
			name = Debug;
		};
		536BC1891C9A40040057F4DC /* Release */ = {
			isa = XCBuildConfiguration;
			buildSettings = {
				ALWAYS_SEARCH_USER_PATHS = NO;
				CLANG_CXX_LANGUAGE_STANDARD = "gnu++0x";
				CLANG_CXX_LIBRARY = "libc++";
				CLANG_ENABLE_MODULES = YES;
				CLANG_ENABLE_OBJC_ARC = YES;
				CLANG_WARN_BOOL_CONVERSION = YES;
				CLANG_WARN_CONSTANT_CONVERSION = YES;
				CLANG_WARN_DIRECT_OBJC_ISA_USAGE = YES_ERROR;
				CLANG_WARN_EMPTY_BODY = YES;
				CLANG_WARN_ENUM_CONVERSION = YES;
				CLANG_WARN_INT_CONVERSION = YES;
				CLANG_WARN_OBJC_ROOT_CLASS = YES_ERROR;
				CLANG_WARN_UNREACHABLE_CODE = YES;
				CLANG_WARN__DUPLICATE_METHOD_MATCH = YES;
				"CODE_SIGN_IDENTITY[sdk=iphoneos*]" = "iPhone Developer";
				COPY_PHASE_STRIP = NO;
				DEBUG_INFORMATION_FORMAT = "dwarf-with-dsym";
				ENABLE_NS_ASSERTIONS = NO;
				ENABLE_STRICT_OBJC_MSGSEND = YES;
				GCC_C_LANGUAGE_STANDARD = gnu99;
				GCC_NO_COMMON_BLOCKS = YES;
				GCC_WARN_64_TO_32_BIT_CONVERSION = YES;
				GCC_WARN_ABOUT_RETURN_TYPE = YES_ERROR;
				GCC_WARN_UNDECLARED_SELECTOR = YES;
				GCC_WARN_UNINITIALIZED_AUTOS = YES_AGGRESSIVE;
				GCC_WARN_UNUSED_FUNCTION = YES;
				GCC_WARN_UNUSED_VARIABLE = YES;
				IPHONEOS_DEPLOYMENT_TARGET = 9.2;
				MTL_ENABLE_DEBUG_INFO = NO;
				SDKROOT = iphoneos;
				TARGETED_DEVICE_FAMILY = "1,2";
				VALIDATE_PRODUCT = YES;
			};
			name = Release;
		};
		536BC18B1C9A40040057F4DC /* Debug */ = {
			isa = XCBuildConfiguration;
			baseConfigurationReference = E20AC4287B26ACB9C24F4D5F /* Pods-FacebookGraph.debug.xcconfig */;
			buildSettings = {
				ASSETCATALOG_COMPILER_APPICON_NAME = AppIcon;
				INFOPLIST_FILE = FacebookGraph/Info.plist;
				LD_RUNPATH_SEARCH_PATHS = "$(inherited) @executable_path/Frameworks";
				PRODUCT_BUNDLE_IDENTIFIER = "io.swift-yah.FacebookGraph";
				PRODUCT_NAME = "$(TARGET_NAME)";
			};
			name = Debug;
		};
		536BC18C1C9A40040057F4DC /* Release */ = {
			isa = XCBuildConfiguration;
			baseConfigurationReference = 6DE666D5530CB0D7AE017399 /* Pods-FacebookGraph.release.xcconfig */;
			buildSettings = {
				ASSETCATALOG_COMPILER_APPICON_NAME = AppIcon;
				INFOPLIST_FILE = FacebookGraph/Info.plist;
				LD_RUNPATH_SEARCH_PATHS = "$(inherited) @executable_path/Frameworks";
				PRODUCT_BUNDLE_IDENTIFIER = "io.swift-yah.FacebookGraph";
				PRODUCT_NAME = "$(TARGET_NAME)";
			};
			name = Release;
		};
		536BC18E1C9A40040057F4DC /* Debug */ = {
			isa = XCBuildConfiguration;
			buildSettings = {
				BUNDLE_LOADER = "$(TEST_HOST)";
				INFOPLIST_FILE = FacebookGraphTests/Info.plist;
				LD_RUNPATH_SEARCH_PATHS = "$(inherited) @executable_path/Frameworks @loader_path/Frameworks";
				PRODUCT_BUNDLE_IDENTIFIER = "io.swift-yah.FacebookGraphTests";
				PRODUCT_NAME = "$(TARGET_NAME)";
				TEST_HOST = "$(BUILT_PRODUCTS_DIR)/FacebookGraph.app/FacebookGraph";
			};
			name = Debug;
		};
		536BC18F1C9A40040057F4DC /* Release */ = {
			isa = XCBuildConfiguration;
			buildSettings = {
				BUNDLE_LOADER = "$(TEST_HOST)";
				INFOPLIST_FILE = FacebookGraphTests/Info.plist;
				LD_RUNPATH_SEARCH_PATHS = "$(inherited) @executable_path/Frameworks @loader_path/Frameworks";
				PRODUCT_BUNDLE_IDENTIFIER = "io.swift-yah.FacebookGraphTests";
				PRODUCT_NAME = "$(TARGET_NAME)";
				TEST_HOST = "$(BUILT_PRODUCTS_DIR)/FacebookGraph.app/FacebookGraph";
			};
			name = Release;
		};
		536BC1911C9A40040057F4DC /* Debug */ = {
			isa = XCBuildConfiguration;
			buildSettings = {
				INFOPLIST_FILE = FacebookGraphUITests/Info.plist;
				LD_RUNPATH_SEARCH_PATHS = "$(inherited) @executable_path/Frameworks @loader_path/Frameworks";
				PRODUCT_BUNDLE_IDENTIFIER = "io.swift-yah.FacebookGraphUITests";
				PRODUCT_NAME = "$(TARGET_NAME)";
				TEST_TARGET_NAME = FacebookGraph;
				USES_XCTRUNNER = YES;
			};
			name = Debug;
		};
		536BC1921C9A40040057F4DC /* Release */ = {
			isa = XCBuildConfiguration;
			buildSettings = {
				INFOPLIST_FILE = FacebookGraphUITests/Info.plist;
				LD_RUNPATH_SEARCH_PATHS = "$(inherited) @executable_path/Frameworks @loader_path/Frameworks";
				PRODUCT_BUNDLE_IDENTIFIER = "io.swift-yah.FacebookGraphUITests";
				PRODUCT_NAME = "$(TARGET_NAME)";
				TEST_TARGET_NAME = FacebookGraph;
				USES_XCTRUNNER = YES;
			};
			name = Release;
		};
/* End XCBuildConfiguration section */

/* Begin XCConfigurationList section */
		536BC15D1C9A40040057F4DC /* Build configuration list for PBXProject "FacebookGraph" */ = {
			isa = XCConfigurationList;
			buildConfigurations = (
				536BC1881C9A40040057F4DC /* Debug */,
				536BC1891C9A40040057F4DC /* Release */,
			);
			defaultConfigurationIsVisible = 0;
			defaultConfigurationName = Release;
		};
		536BC18A1C9A40040057F4DC /* Build configuration list for PBXNativeTarget "FacebookGraph" */ = {
			isa = XCConfigurationList;
			buildConfigurations = (
				536BC18B1C9A40040057F4DC /* Debug */,
				536BC18C1C9A40040057F4DC /* Release */,
			);
			defaultConfigurationIsVisible = 0;
			defaultConfigurationName = Release;
		};
		536BC18D1C9A40040057F4DC /* Build configuration list for PBXNativeTarget "FacebookGraphTests" */ = {
			isa = XCConfigurationList;
			buildConfigurations = (
				536BC18E1C9A40040057F4DC /* Debug */,
				536BC18F1C9A40040057F4DC /* Release */,
			);
			defaultConfigurationIsVisible = 0;
			defaultConfigurationName = Release;
		};
		536BC1901C9A40040057F4DC /* Build configuration list for PBXNativeTarget "FacebookGraphUITests" */ = {
			isa = XCConfigurationList;
			buildConfigurations = (
				536BC1911C9A40040057F4DC /* Debug */,
				536BC1921C9A40040057F4DC /* Release */,
			);
			defaultConfigurationIsVisible = 0;
			defaultConfigurationName = Release;
		};
/* End XCConfigurationList section */
	};
	rootObject = 536BC15A1C9A40040057F4DC /* Project object */;
}
